
Microsoft Visual Studio Solution File, Format Version 12.00
# Visual Studio Version 16
VisualStudioVersion = 16.0.29209.62
MinimumVisualStudioVersion = 10.0.40219.1
Project("{FAE04EC0-301F-11D3-BF4B-00C04F79EFBC}") = "Linked in Learning Challenge 1", "Linked in Learning Challenge 1\Linked in Learning Challenge 1.csproj", "{AFEB9C3A-4206-4D18-9728-80E949989A4D}"
EndProject
Global
	GlobalSection(SolutionConfigurationPlatforms) = preSolution
		Debug|Any CPU = Debug|Any CPU
		Release|Any CPU = Release|Any CPU
	EndGlobalSection
	GlobalSection(ProjectConfigurationPlatforms) = postSolution
		{AFEB9C3A-4206-4D18-9728-80E949989A4D}.Debug|Any CPU.ActiveCfg = Debug|Any CPU
		{AFEB9C3A-4206-4D18-9728-80E949989A4D}.Debug|Any CPU.Build.0 = Debug|Any CPU
		{AFEB9C3A-4206-4D18-9728-80E949989A4D}.Release|Any CPU.ActiveCfg = Release|Any CPU
		{AFEB9C3A-4206-4D18-9728-80E949989A4D}.Release|Any CPU.Build.0 = Release|Any CPU
	EndGlobalSection
	GlobalSection(SolutionProperties) = preSolution
		HideSolutionNode = FALSE
	EndGlobalSection
	GlobalSection(ExtensibilityGlobals) = postSolution
		SolutionGuid = {A0BAC9FD-DD27-42FD-8E52-2645BB731C1F}
	EndGlobalSection
EndGlobal
